
Microsoft Visual Studio Solution File, Format Version 12.00
# Visual Studio Version 16
VisualStudioVersion = 16.0.30907.101
MinimumVisualStudioVersion = 10.0.40219.1
Project("{9A19103F-16F7-4668-BE54-9A1E7A4F7556}") = "IS7024_Project", "IS7024_Project.csproj", "{7195F53E-6F93-4966-95F4-6A88280DF2DB}"
EndProject
Project("{2150E333-8FDC-42A3-9474-1A3956D46DE8}") = "Solution Items", "Solution Items", "{2494B80F-E221-4637-B07A-D399BEB018A3}"
	ProjectSection(SolutionItems) = preProject
		CrimeSchema.json = CrimeSchema.json
	EndProjectSection
EndProject
Global
	GlobalSection(SolutionConfigurationPlatforms) = preSolution
		Debug|Any CPU = Debug|Any CPU
		Release|Any CPU = Release|Any CPU
	EndGlobalSection
	GlobalSection(ProjectConfigurationPlatforms) = postSolution
		{7195F53E-6F93-4966-95F4-6A88280DF2DB}.Debug|Any CPU.ActiveCfg = Debug|Any CPU
		{7195F53E-6F93-4966-95F4-6A88280DF2DB}.Debug|Any CPU.Build.0 = Debug|Any CPU
		{7195F53E-6F93-4966-95F4-6A88280DF2DB}.Release|Any CPU.ActiveCfg = Release|Any CPU
		{7195F53E-6F93-4966-95F4-6A88280DF2DB}.Release|Any CPU.Build.0 = Release|Any CPU
	EndGlobalSection
	GlobalSection(SolutionProperties) = preSolution
		HideSolutionNode = FALSE
	EndGlobalSection
	GlobalSection(ExtensibilityGlobals) = postSolution
		SolutionGuid = {5B990354-31F1-4A9E-ACE8-22AF839FCA3B}
	EndGlobalSection
EndGlobal
